
Microsoft Visual Studio Solution File, Format Version 12.00
# Visual Studio 15
VisualStudioVersion = 15.0.28307.271
MinimumVisualStudioVersion = 10.0.40219.1
Project("{E24C65DC-7377-472B-9ABA-BC803B73C61A}") = "vc-default-theme", ".", "{C104E336-5869-4B14-8D57-A1ADAE101458}"
	ProjectSection(WebsiteProperties) = preProject
		TargetFrameworkMoniker = ".NETFramework,Version%3Dv4.0"
		Debug.AspNetCompiler.VirtualPath = "/localhost_57325"
		Debug.AspNetCompiler.PhysicalPath = "..\..\..\..\..\..\vc-default-theme\"
		Debug.AspNetCompiler.TargetPath = "PrecompiledWeb\localhost_57325\"
		Debug.AspNetCompiler.Updateable = "true"
		Debug.AspNetCompiler.ForceOverwrite = "true"
		Debug.AspNetCompiler.FixedNames = "false"
		Debug.AspNetCompiler.Debug = "True"
		Release.AspNetCompiler.VirtualPath = "/localhost_57325"
		Release.AspNetCompiler.PhysicalPath = "..\..\..\..\..\..\vc-default-theme\"
		Release.AspNetCompiler.TargetPath = "PrecompiledWeb\localhost_57325\"
		Release.AspNetCompiler.Updateable = "true"
		Release.AspNetCompiler.ForceOverwrite = "true"
		Release.AspNetCompiler.FixedNames = "false"
		Release.AspNetCompiler.Debug = "False"
		VWDPort = "57325"
	EndProjectSection
EndProject
Global
	GlobalSection(SolutionConfigurationPlatforms) = preSolution
		Debug|Any CPU = Debug|Any CPU
	EndGlobalSection
	GlobalSection(ProjectConfigurationPlatforms) = postSolution
		{C104E336-5869-4B14-8D57-A1ADAE101458}.Debug|Any CPU.ActiveCfg = Debug|Any CPU
		{C104E336-5869-4B14-8D57-A1ADAE101458}.Debug|Any CPU.Build.0 = Debug|Any CPU
	EndGlobalSection
	GlobalSection(SolutionProperties) = preSolution
		HideSolutionNode = FALSE
	EndGlobalSection
	GlobalSection(ExtensibilityGlobals) = postSolution
		SolutionGuid = {435D3E48-ACB1-4668-A314-9E3036B8C516}
	EndGlobalSection
EndGlobal
